
Microsoft Visual Studio Solution File, Format Version 12.00
# Visual Studio Version 16
VisualStudioVersion = 16.0.31321.278
MinimumVisualStudioVersion = 10.0.40219.1
Project("{FAE04EC0-301F-11D3-BF4B-00C04F79EFBC}") = "GraphicalAuthPass", "GraphicalAuthPass.csproj", "{A532A313-917B-47FA-90ED-101A8ADDFB22}"
EndProject
Global
	GlobalSection(SolutionConfigurationPlatforms) = preSolution
		Debug|Any CPU = Debug|Any CPU
		Release|Any CPU = Release|Any CPU
	EndGlobalSection
	GlobalSection(ProjectConfigurationPlatforms) = postSolution
		{A532A313-917B-47FA-90ED-101A8ADDFB22}.Debug|Any CPU.ActiveCfg = Debug|Any CPU
		{A532A313-917B-47FA-90ED-101A8ADDFB22}.Debug|Any CPU.Build.0 = Debug|Any CPU
		{A532A313-917B-47FA-90ED-101A8ADDFB22}.Release|Any CPU.ActiveCfg = Release|Any CPU
		{A532A313-917B-47FA-90ED-101A8ADDFB22}.Release|Any CPU.Build.0 = Release|Any CPU
	EndGlobalSection
	GlobalSection(SolutionProperties) = preSolution
		HideSolutionNode = FALSE
	EndGlobalSection
	GlobalSection(ExtensibilityGlobals) = postSolution
		SolutionGuid = {FA065981-AC97-4A51-B775-D7F20ACBA04B}
	EndGlobalSection
EndGlobal
